
Microsoft Visual Studio Solution File, Format Version 12.00
# Visual Studio 15
Project("{FAE04EC0-301F-11D3-BF4B-00C04F79EFBC}") = "Unity.Timeline", "Unity.Timeline.csproj", "{8565AB6A-4E1D-F51C-938B-4CE5256C2EE8}"
EndProject
Project("{FAE04EC0-301F-11D3-BF4B-00C04F79EFBC}") = "Unity.Timeline.Editor", "Unity.Timeline.Editor.csproj", "{8B58AFAA-7118-9ECC-93E5-615552827902}"
EndProject
Project("{FAE04EC0-301F-11D3-BF4B-00C04F79EFBC}") = "Unity.TextMeshPro.Editor", "Unity.TextMeshPro.Editor.csproj", "{ADECBDB3-204C-5192-C4D2-4ECCE5348767}"
EndProject
Project("{FAE04EC0-301F-11D3-BF4B-00C04F79EFBC}") = "Unity.VisualScripting.Flow", "Unity.VisualScripting.Flow.csproj", "{54F5B425-96BD-D39B-D905-7EFFE0810492}"
EndProject
Project("{FAE04EC0-301F-11D3-BF4B-00C04F79EFBC}") = "Unity.PlasticSCM.Editor", "Unity.PlasticSCM.Editor.csproj", "{F3FE010C-9F01-2BAA-E1AB-EA5B65331757}"
EndProject
Project("{FAE04EC0-301F-11D3-BF4B-00C04F79EFBC}") = "Unity.VisualScripting.Core", "Unity.VisualScripting.Core.csproj", "{B0E45FCA-781A-B026-5D51-E51164EA73F1}"
EndProject
Project("{FAE04EC0-301F-11D3-BF4B-00C04F79EFBC}") = "Unity.VisualScripting.Core.Editor", "Unity.VisualScripting.Core.Editor.csproj", "{C96088E0-BE69-6791-BA01-52EB1ED172A0}"
EndProject
Project("{FAE04EC0-301F-11D3-BF4B-00C04F79EFBC}") = "Unity.VisualScripting.Flow.Editor", "Unity.VisualScripting.Flow.Editor.csproj", "{5E356629-057C-878E-EFCE-7520D807F1D3}"
EndProject
Project("{FAE04EC0-301F-11D3-BF4B-00C04F79EFBC}") = "UnityEditor.TestRunner", "UnityEditor.TestRunner.csproj", "{6DFE94FB-9225-447D-8412-C53F55755F10}"
EndProject
Project("{FAE04EC0-301F-11D3-BF4B-00C04F79EFBC}") = "Unity.VisualScripting.SettingsProvider.Editor", "Unity.VisualScripting.SettingsProvider.Editor.csproj", "{B35B32F1-0F10-8228-A489-13E78A9F39AB}"
EndProject
Project("{FAE04EC0-301F-11D3-BF4B-00C04F79EFBC}") = "UnityEngine.TestRunner", "UnityEngine.TestRunner.csproj", "{BA7F0488-0613-EA62-77A7-B352FA274FEC}"
EndProject
Project("{FAE04EC0-301F-11D3-BF4B-00C04F79EFBC}") = "Assembly-CSharp-Editor", "Assembly-CSharp-Editor.csproj", "{A2A700F8-DF8E-8AD0-F1A8-96CC09C5170A}"
EndProject
Project("{FAE04EC0-301F-11D3-BF4B-00C04F79EFBC}") = "Unity.VisualStudio.Editor", "Unity.VisualStudio.Editor.csproj", "{97F66121-4461-9D3E-FF12-0652A3A140F4}"
EndProject
Project("{FAE04EC0-301F-11D3-BF4B-00C04F79EFBC}") = "Unity.TestTools.CodeCoverage.Editor.OpenCover.Model", "Unity.TestTools.CodeCoverage.Editor.OpenCover.Model.csproj", "{00BDEFFD-F10E-23D9-1704-7BB603BE18D4}"
EndProject
Project("{FAE04EC0-301F-11D3-BF4B-00C04F79EFBC}") = "Unity.Rider.Editor", "Unity.Rider.Editor.csproj", "{33D61510-1E01-0A35-1201-6FE10C219876}"
EndProject
Project("{FAE04EC0-301F-11D3-BF4B-00C04F79EFBC}") = "Unity.VisualScripting.State.Editor", "Unity.VisualScripting.State.Editor.csproj", "{78DF5377-D512-9B73-06BF-EA35F8332999}"
EndProject
Project("{FAE04EC0-301F-11D3-BF4B-00C04F79EFBC}") = "Unity.TestTools.CodeCoverage.Editor", "Unity.TestTools.CodeCoverage.Editor.csproj", "{2110FA28-A045-8AB7-04AF-A3A3C4820CBE}"
EndProject
Project("{FAE04EC0-301F-11D3-BF4B-00C04F79EFBC}") = "Unity.VisualScripting.State", "Unity.VisualScripting.State.csproj", "{D64A290E-DA55-B0CA-B784-94CED8CAB696}"
EndProject
Project("{FAE04EC0-301F-11D3-BF4B-00C04F79EFBC}") = "Unity.TextMeshPro", "Unity.TextMeshPro.csproj", "{882200C1-6157-3F46-3737-8B3965B447E3}"
EndProject
Project("{FAE04EC0-301F-11D3-BF4B-00C04F79EFBC}") = "Unity.Performance.Profile-Analyzer.Editor", "Unity.Performance.Profile-Analyzer.Editor.csproj", "{3B4F35B2-0F94-6E38-5985-DEF519622988}"
EndProject
Project("{FAE04EC0-301F-11D3-BF4B-00C04F79EFBC}") = "Assembly-CSharp", "Assembly-CSharp.csproj", "{E1AE0350-0E90-2120-B822-ABDBAFDBA7CF}"
EndProject
Project("{FAE04EC0-301F-11D3-BF4B-00C04F79EFBC}") = "Unity.VSCode.Editor", "Unity.VSCode.Editor.csproj", "{722D9AEB-D98F-BFEE-6A9A-BF3827839A6B}"
EndProject
Project("{FAE04EC0-301F-11D3-BF4B-00C04F79EFBC}") = "Unity.TestTools.CodeCoverage.Editor.OpenCover.Mono.Reflection", "Unity.TestTools.CodeCoverage.Editor.OpenCover.Mono.Reflection.csproj", "{E51AF38E-F50A-8F4B-29E0-94969EF900B9}"
EndProject
Project("{FAE04EC0-301F-11D3-BF4B-00C04F79EFBC}") = "Unity.Settings.Editor", "Unity.Settings.Editor.csproj", "{255B9DA1-2896-77CD-ABDE-B043592887B2}"
EndProject
Project("{FAE04EC0-301F-11D3-BF4B-00C04F79EFBC}") = "Unity.EditorCoroutines.Editor", "Unity.EditorCoroutines.Editor.csproj", "{D2DE50BC-397B-FDB6-DEAC-85D4E4DD0F4E}"
EndProject
Project("{FAE04EC0-301F-11D3-BF4B-00C04F79EFBC}") = "Unity.VisualScripting.Shared.Editor", "Unity.VisualScripting.Shared.Editor.csproj", "{1E178C17-24CD-1897-4B40-20F2A15D7ACD}"
EndProject
Project("{FAE04EC0-301F-11D3-BF4B-00C04F79EFBC}") = "Unity.CollabProxy.Editor", "Unity.CollabProxy.Editor.csproj", "{913921A7-1D57-758F-F0AB-3F38FD161827}"
EndProject
Global
	GlobalSection(SolutionConfigurationPlatforms) = preSolution
		Debug|Any CPU = Debug|Any CPU
		Release|Any CPU = Release|Any CPU
	EndGlobalSection
	GlobalSection(ProjectConfigurationPlatforms) = postSolution
		{8565AB6A-4E1D-F51C-938B-4CE5256C2EE8}.Debug|Any CPU.ActiveCfg = Debug|Any CPU
		{8565AB6A-4E1D-F51C-938B-4CE5256C2EE8}.Debug|Any CPU.Build.0 = Debug|Any CPU
		{8565AB6A-4E1D-F51C-938B-4CE5256C2EE8}.Release|Any CPU.ActiveCfg = Release|Any CPU
		{8565AB6A-4E1D-F51C-938B-4CE5256C2EE8}.Release|Any CPU.Build.0 = Release|Any CPU
		{8B58AFAA-7118-9ECC-93E5-615552827902}.Debug|Any CPU.ActiveCfg = Debug|Any CPU
		{8B58AFAA-7118-9ECC-93E5-615552827902}.Debug|Any CPU.Build.0 = Debug|Any CPU
		{8B58AFAA-7118-9ECC-93E5-615552827902}.Release|Any CPU.ActiveCfg = Release|Any CPU
		{8B58AFAA-7118-9ECC-93E5-615552827902}.Release|Any CPU.Build.0 = Release|Any CPU
		{ADECBDB3-204C-5192-C4D2-4ECCE5348767}.Debug|Any CPU.ActiveCfg = Debug|Any CPU
		{ADECBDB3-204C-5192-C4D2-4ECCE5348767}.Debug|Any CPU.Build.0 = Debug|Any CPU
		{ADECBDB3-204C-5192-C4D2-4ECCE5348767}.Release|Any CPU.ActiveCfg = Release|Any CPU
		{ADECBDB3-204C-5192-C4D2-4ECCE5348767}.Release|Any CPU.Build.0 = Release|Any CPU
		{54F5B425-96BD-D39B-D905-7EFFE0810492}.Debug|Any CPU.ActiveCfg = Debug|Any CPU
		{54F5B425-96BD-D39B-D905-7EFFE0810492}.Debug|Any CPU.Build.0 = Debug|Any CPU
		{54F5B425-96BD-D39B-D905-7EFFE0810492}.Release|Any CPU.ActiveCfg = Release|Any CPU
		{54F5B425-96BD-D39B-D905-7EFFE0810492}.Release|Any CPU.Build.0 = Release|Any CPU
		{F3FE010C-9F01-2BAA-E1AB-EA5B65331757}.Debug|Any CPU.ActiveCfg = Debug|Any CPU
		{F3FE010C-9F01-2BAA-E1AB-EA5B65331757}.Debug|Any CPU.Build.0 = Debug|Any CPU
		{F3FE010C-9F01-2BAA-E1AB-EA5B65331757}.Release|Any CPU.ActiveCfg = Release|Any CPU
		{F3FE010C-9F01-2BAA-E1AB-EA5B65331757}.Release|Any CPU.Build.0 = Release|Any CPU
		{B0E45FCA-781A-B026-5D51-E51164EA73F1}.Debug|Any CPU.ActiveCfg = Debug|Any CPU
		{B0E45FCA-781A-B026-5D51-E51164EA73F1}.Debug|Any CPU.Build.0 = Debug|Any CPU
		{B0E45FCA-781A-B026-5D51-E51164EA73F1}.Release|Any CPU.ActiveCfg = Release|Any CPU
		{B0E45FCA-781A-B026-5D51-E51164EA73F1}.Release|Any CPU.Build.0 = Release|Any CPU
		{C96088E0-BE69-6791-BA01-52EB1ED172A0}.Debug|Any CPU.ActiveCfg = Debug|Any CPU
		{C96088E0-BE69-6791-BA01-52EB1ED172A0}.Debug|Any CPU.Build.0 = Debug|Any CPU
		{C96088E0-BE69-6791-BA01-52EB1ED172A0}.Release|Any CPU.ActiveCfg = Release|Any CPU
		{C96088E0-BE69-6791-BA01-52EB1ED172A0}.Release|Any CPU.Build.0 = Release|Any CPU
		{5E356629-057C-878E-EFCE-7520D807F1D3}.Debug|Any CPU.ActiveCfg = Debug|Any CPU
		{5E356629-057C-878E-EFCE-7520D807F1D3}.Debug|Any CPU.Build.0 = Debug|Any CPU
		{5E356629-057C-878E-EFCE-7520D807F1D3}.Release|Any CPU.ActiveCfg = Release|Any CPU
		{5E356629-057C-878E-EFCE-7520D807F1D3}.Release|Any CPU.Build.0 = Release|Any CPU
		{6DFE94FB-9225-447D-8412-C53F55755F10}.Debug|Any CPU.ActiveCfg = Debug|Any CPU
		{6DFE94FB-9225-447D-8412-C53F55755F10}.Debug|Any CPU.Build.0 = Debug|Any CPU
		{6DFE94FB-9225-447D-8412-C53F55755F10}.Release|Any CPU.ActiveCfg = Release|Any CPU
		{6DFE94FB-9225-447D-8412-C53F55755F10}.Release|Any CPU.Build.0 = Release|Any CPU
		{B35B32F1-0F10-8228-A489-13E78A9F39AB}.Debug|Any CPU.ActiveCfg = Debug|Any CPU
		{B35B32F1-0F10-8228-A489-13E78A9F39AB}.Debug|Any CPU.Build.0 = Debug|Any CPU
		{B35B32F1-0F10-8228-A489-13E78A9F39AB}.Release|Any CPU.ActiveCfg = Release|Any CPU
		{B35B32F1-0F10-8228-A489-13E78A9F39AB}.Release|Any CPU.Build.0 = Release|Any CPU
		{BA7F0488-0613-EA62-77A7-B352FA274FEC}.Debug|Any CPU.ActiveCfg = Debug|Any CPU
		{BA7F0488-0613-EA62-77A7-B352FA274FEC}.Debug|Any CPU.Build.0 = Debug|Any CPU
		{BA7F0488-0613-EA62-77A7-B352FA274FEC}.Release|Any CPU.ActiveCfg = Release|Any CPU
		{BA7F0488-0613-EA62-77A7-B352FA274FEC}.Release|Any CPU.Build.0 = Release|Any CPU
		{A2A700F8-DF8E-8AD0-F1A8-96CC09C5170A}.Debug|Any CPU.ActiveCfg = Debug|Any CPU
		{A2A700F8-DF8E-8AD0-F1A8-96CC09C5170A}.Debug|Any CPU.Build.0 = Debug|Any CPU
		{A2A700F8-DF8E-8AD0-F1A8-96CC09C5170A}.Release|Any CPU.ActiveCfg = Release|Any CPU
		{A2A700F8-DF8E-8AD0-F1A8-96CC09C5170A}.Release|Any CPU.Build.0 = Release|Any CPU
		{97F66121-4461-9D3E-FF12-0652A3A140F4}.Debug|Any CPU.ActiveCfg = Debug|Any CPU
		{97F66121-4461-9D3E-FF12-0652A3A140F4}.Debug|Any CPU.Build.0 = Debug|Any CPU
		{97F66121-4461-9D3E-FF12-0652A3A140F4}.Release|Any CPU.ActiveCfg = Release|Any CPU
		{97F66121-4461-9D3E-FF12-0652A3A140F4}.Release|Any CPU.Build.0 = Release|Any CPU
		{00BDEFFD-F10E-23D9-1704-7BB603BE18D4}.Debug|Any CPU.ActiveCfg = Debug|Any CPU
		{00BDEFFD-F10E-23D9-1704-7BB603BE18D4}.Debug|Any CPU.Build.0 = Debug|Any CPU
		{00BDEFFD-F10E-23D9-1704-7BB603BE18D4}.Release|Any CPU.ActiveCfg = Release|Any CPU
		{00BDEFFD-F10E-23D9-1704-7BB603BE18D4}.Release|Any CPU.Build.0 = Release|Any CPU
		{33D61510-1E01-0A35-1201-6FE10C219876}.Debug|Any CPU.ActiveCfg = Debug|Any CPU
		{33D61510-1E01-0A35-1201-6FE10C219876}.Debug|Any CPU.Build.0 = Debug|Any CPU
		{33D61510-1E01-0A35-1201-6FE10C219876}.Release|Any CPU.ActiveCfg = Release|Any CPU
		{33D61510-1E01-0A35-1201-6FE10C219876}.Release|Any CPU.Build.0 = Release|Any CPU
		{78DF5377-D512-9B73-06BF-EA35F8332999}.Debug|Any CPU.ActiveCfg = Debug|Any CPU
		{78DF5377-D512-9B73-06BF-EA35F8332999}.Debug|Any CPU.Build.0 = Debug|Any CPU
		{78DF5377-D512-9B73-06BF-EA35F8332999}.Release|Any CPU.ActiveCfg = Release|Any CPU
		{78DF5377-D512-9B73-06BF-EA35F8332999}.Release|Any CPU.Build.0 = Release|Any CPU
		{2110FA28-A045-8AB7-04AF-A3A3C4820CBE}.Debug|Any CPU.ActiveCfg = Debug|Any CPU
		{2110FA28-A045-8AB7-04AF-A3A3C4820CBE}.Debug|Any CPU.Build.0 = Debug|Any CPU
		{2110FA28-A045-8AB7-04AF-A3A3C4820CBE}.Release|Any CPU.ActiveCfg = Release|Any CPU
		{2110FA28-A045-8AB7-04AF-A3A3C4820CBE}.Release|Any CPU.Build.0 = Release|Any CPU
		{D64A290E-DA55-B0CA-B784-94CED8CAB696}.Debug|Any CPU.ActiveCfg = Debug|Any CPU
		{D64A290E-DA55-B0CA-B784-94CED8CAB696}.Debug|Any CPU.Build.0 = Debug|Any CPU
		{D64A290E-DA55-B0CA-B784-94CED8CAB696}.Release|Any CPU.ActiveCfg = Release|Any CPU
		{D64A290E-DA55-B0CA-B784-94CED8CAB696}.Release|Any CPU.Build.0 = Release|Any CPU
		{882200C1-6157-3F46-3737-8B3965B447E3}.Debug|Any CPU.ActiveCfg = Debug|Any CPU
		{882200C1-6157-3F46-3737-8B3965B447E3}.Debug|Any CPU.Build.0 = Debug|Any CPU
		{882200C1-6157-3F46-3737-8B3965B447E3}.Release|Any CPU.ActiveCfg = Release|Any CPU
		{882200C1-6157-3F46-3737-8B3965B447E3}.Release|Any CPU.Build.0 = Release|Any CPU
		{3B4F35B2-0F94-6E38-5985-DEF519622988}.Debug|Any CPU.ActiveCfg = Debug|Any CPU
		{3B4F35B2-0F94-6E38-5985-DEF519622988}.Debug|Any CPU.Build.0 = Debug|Any CPU
		{3B4F35B2-0F94-6E38-5985-DEF519622988}.Release|Any CPU.ActiveCfg = Release|Any CPU
		{3B4F35B2-0F94-6E38-5985-DEF519622988}.Release|Any CPU.Build.0 = Release|Any CPU
		{E1AE0350-0E90-2120-B822-ABDBAFDBA7CF}.Debug|Any CPU.ActiveCfg = Debug|Any CPU
		{E1AE0350-0E90-2120-B822-ABDBAFDBA7CF}.Debug|Any CPU.Build.0 = Debug|Any CPU
		{E1AE0350-0E90-2120-B822-ABDBAFDBA7CF}.Release|Any CPU.ActiveCfg = Release|Any CPU
		{E1AE0350-0E90-2120-B822-ABDBAFDBA7CF}.Release|Any CPU.Build.0 = Release|Any CPU
		{722D9AEB-D98F-BFEE-6A9A-BF3827839A6B}.Debug|Any CPU.ActiveCfg = Debug|Any CPU
		{722D9AEB-D98F-BFEE-6A9A-BF3827839A6B}.Debug|Any CPU.Build.0 = Debug|Any CPU
		{722D9AEB-D98F-BFEE-6A9A-BF3827839A6B}.Release|Any CPU.ActiveCfg = Release|Any CPU
		{722D9AEB-D98F-BFEE-6A9A-BF3827839A6B}.Release|Any CPU.Build.0 = Release|Any CPU
		{E51AF38E-F50A-8F4B-29E0-94969EF900B9}.Debug|Any CPU.ActiveCfg = Debug|Any CPU
		{E51AF38E-F50A-8F4B-29E0-94969EF900B9}.Debug|Any CPU.Build.0 = Debug|Any CPU
		{E51AF38E-F50A-8F4B-29E0-94969EF900B9}.Release|Any CPU.ActiveCfg = Release|Any CPU
		{E51AF38E-F50A-8F4B-29E0-94969EF900B9}.Release|Any CPU.Build.0 = Release|Any CPU
		{255B9DA1-2896-77CD-ABDE-B043592887B2}.Debug|Any CPU.ActiveCfg = Debug|Any CPU
		{255B9DA1-2896-77CD-ABDE-B043592887B2}.Debug|Any CPU.Build.0 = Debug|Any CPU
		{255B9DA1-2896-77CD-ABDE-B043592887B2}.Release|Any CPU.ActiveCfg = Release|Any CPU
		{255B9DA1-2896-77CD-ABDE-B043592887B2}.Release|Any CPU.Build.0 = Release|Any CPU
		{D2DE50BC-397B-FDB6-DEAC-85D4E4DD0F4E}.Debug|Any CPU.ActiveCfg = Debug|Any CPU
		{D2DE50BC-397B-FDB6-DEAC-85D4E4DD0F4E}.Debug|Any CPU.Build.0 = Debug|Any CPU
		{D2DE50BC-397B-FDB6-DEAC-85D4E4DD0F4E}.Release|Any CPU.ActiveCfg = Release|Any CPU
		{D2DE50BC-397B-FDB6-DEAC-85D4E4DD0F4E}.Release|Any CPU.Build.0 = Release|Any CPU
		{1E178C17-24CD-1897-4B40-20F2A15D7ACD}.Debug|Any CPU.ActiveCfg = Debug|Any CPU
		{1E178C17-24CD-1897-4B40-20F2A15D7ACD}.Debug|Any CPU.Build.0 = Debug|Any CPU
		{1E178C17-24CD-1897-4B40-20F2A15D7ACD}.Release|Any CPU.ActiveCfg = Release|Any CPU
		{1E178C17-24CD-1897-4B40-20F2A15D7ACD}.Release|Any CPU.Build.0 = Release|Any CPU
		{913921A7-1D57-758F-F0AB-3F38FD161827}.Debug|Any CPU.ActiveCfg = Debug|Any CPU
		{913921A7-1D57-758F-F0AB-3F38FD161827}.Debug|Any CPU.Build.0 = Debug|Any CPU
		{913921A7-1D57-758F-F0AB-3F38FD161827}.Release|Any CPU.ActiveCfg = Release|Any CPU
		{913921A7-1D57-758F-F0AB-3F38FD161827}.Release|Any CPU.Build.0 = Release|Any CPU
	EndGlobalSection
	GlobalSection(SolutionProperties) = preSolution
		HideSolutionNode = FALSE
	EndGlobalSection
EndGlobal
